
Microsoft Visual Studio Solution File, Format Version 12.00
# Visual Studio Version 17
VisualStudioVersion = 17.10.35013.160
MinimumVisualStudioVersion = 10.0.40219.1
Project("{2150E333-8FDC-42A3-9474-1A3956D46DE8}") = "src", "src", "{86109E16-8993-4B28-A8C5-8DAF8B2A61E1}"
EndProject
Project("{2150E333-8FDC-42A3-9474-1A3956D46DE8}") = "Core", "Core", "{6DECB664-CCFF-494B-AC08-0D1C5F099AC4}"
EndProject
Project("{2150E333-8FDC-42A3-9474-1A3956D46DE8}") = "Infrastructure", "Infrastructure", "{1534CC33-3378-4876-A39A-883F5FCCB84E}"
EndProject
Project("{2150E333-8FDC-42A3-9474-1A3956D46DE8}") = "Web", "Web", "{E120D1D8-3C47-43EB-8804-759F190AA3DF}"
EndProject
Project("{9A19103F-16F7-4668-BE54-9A1E7A4F7556}") = "Domain", "src\Core\Domain\Domain.csproj", "{5E0C15A5-C26E-4A2A-BC04-649C5B337BA5}"
EndProject
Project("{9A19103F-16F7-4668-BE54-9A1E7A4F7556}") = "Application", "src\Core\Application\Application.csproj", "{88EBD227-047E-4646-ADCB-D53EF0FA68C6}"
EndProject
Project("{9A19103F-16F7-4668-BE54-9A1E7A4F7556}") = "Infrastructure.EventBus", "src\Infrastructure\Infrastructure.EventBus\Infrastructure.EventBus.csproj", "{94686A8F-0608-4D43-9D2A-B083AFD869B1}"
EndProject
Project("{9A19103F-16F7-4668-BE54-9A1E7A4F7556}") = "Infrastructure.EventStore", "src\Infrastructure\Infrastructure.EventStore\Infrastructure.EventStore.csproj", "{B9F988BE-BFE2-4DCD-A712-15E37A5250BA}"
EndProject
Project("{9A19103F-16F7-4668-BE54-9A1E7A4F7556}") = "WebAPI", "src\Web\WebAPI\WebAPI.csproj", "{F5BDC964-C791-4E13-891E-C237251540B1}"
EndProject
Project("{FAE04EC0-301F-11D3-BF4B-00C04F79EFBC}") = "Infrastructure.Projections", "src\Infrastructure\Infrastructure.Projections\Infrastructure.Projections.csproj", "{6AB85100-A24C-463B-B3B2-EAED25063A8B}"
EndProject
Project("{2150E333-8FDC-42A3-9474-1A3956D46DE8}") = "tests", "tests", "{155C902E-BDEA-4503-A80B-76B0FECB2DB7}"
EndProject
Project("{FAE04EC0-301F-11D3-BF4B-00C04F79EFBC}") = "BlogTests", "tests\BlogTests\BlogTests.csproj", "{1C4F9FE5-C4A3-4AB8-98B5-0CC32EDE2AF0}"
EndProject
Global
	GlobalSection(SolutionConfigurationPlatforms) = preSolution
		Debug|Any CPU = Debug|Any CPU
		Release|Any CPU = Release|Any CPU
	EndGlobalSection
	GlobalSection(ProjectConfigurationPlatforms) = postSolution
		{5E0C15A5-C26E-4A2A-BC04-649C5B337BA5}.Debug|Any CPU.ActiveCfg = Debug|Any CPU
		{5E0C15A5-C26E-4A2A-BC04-649C5B337BA5}.Debug|Any CPU.Build.0 = Debug|Any CPU
		{5E0C15A5-C26E-4A2A-BC04-649C5B337BA5}.Release|Any CPU.ActiveCfg = Release|Any CPU
		{5E0C15A5-C26E-4A2A-BC04-649C5B337BA5}.Release|Any CPU.Build.0 = Release|Any CPU
		{88EBD227-047E-4646-ADCB-D53EF0FA68C6}.Debug|Any CPU.ActiveCfg = Debug|Any CPU
		{88EBD227-047E-4646-ADCB-D53EF0FA68C6}.Debug|Any CPU.Build.0 = Debug|Any CPU
		{88EBD227-047E-4646-ADCB-D53EF0FA68C6}.Release|Any CPU.ActiveCfg = Release|Any CPU
		{88EBD227-047E-4646-ADCB-D53EF0FA68C6}.Release|Any CPU.Build.0 = Release|Any CPU
		{94686A8F-0608-4D43-9D2A-B083AFD869B1}.Debug|Any CPU.ActiveCfg = Debug|Any CPU
		{94686A8F-0608-4D43-9D2A-B083AFD869B1}.Debug|Any CPU.Build.0 = Debug|Any CPU
		{94686A8F-0608-4D43-9D2A-B083AFD869B1}.Release|Any CPU.ActiveCfg = Release|Any CPU
		{94686A8F-0608-4D43-9D2A-B083AFD869B1}.Release|Any CPU.Build.0 = Release|Any CPU
		{B9F988BE-BFE2-4DCD-A712-15E37A5250BA}.Debug|Any CPU.ActiveCfg = Debug|Any CPU
		{B9F988BE-BFE2-4DCD-A712-15E37A5250BA}.Debug|Any CPU.Build.0 = Debug|Any CPU
		{B9F988BE-BFE2-4DCD-A712-15E37A5250BA}.Release|Any CPU.ActiveCfg = Release|Any CPU
		{B9F988BE-BFE2-4DCD-A712-15E37A5250BA}.Release|Any CPU.Build.0 = Release|Any CPU
		{F5BDC964-C791-4E13-891E-C237251540B1}.Debug|Any CPU.ActiveCfg = Debug|Any CPU
		{F5BDC964-C791-4E13-891E-C237251540B1}.Debug|Any CPU.Build.0 = Debug|Any CPU
		{F5BDC964-C791-4E13-891E-C237251540B1}.Release|Any CPU.ActiveCfg = Release|Any CPU
		{F5BDC964-C791-4E13-891E-C237251540B1}.Release|Any CPU.Build.0 = Release|Any CPU
		{6AB85100-A24C-463B-B3B2-EAED25063A8B}.Debug|Any CPU.ActiveCfg = Debug|Any CPU
		{6AB85100-A24C-463B-B3B2-EAED25063A8B}.Debug|Any CPU.Build.0 = Debug|Any CPU
		{6AB85100-A24C-463B-B3B2-EAED25063A8B}.Release|Any CPU.ActiveCfg = Release|Any CPU
		{6AB85100-A24C-463B-B3B2-EAED25063A8B}.Release|Any CPU.Build.0 = Release|Any CPU
		{1C4F9FE5-C4A3-4AB8-98B5-0CC32EDE2AF0}.Debug|Any CPU.ActiveCfg = Debug|Any CPU
		{1C4F9FE5-C4A3-4AB8-98B5-0CC32EDE2AF0}.Debug|Any CPU.Build.0 = Debug|Any CPU
		{1C4F9FE5-C4A3-4AB8-98B5-0CC32EDE2AF0}.Release|Any CPU.ActiveCfg = Release|Any CPU
		{1C4F9FE5-C4A3-4AB8-98B5-0CC32EDE2AF0}.Release|Any CPU.Build.0 = Release|Any CPU
	EndGlobalSection
	GlobalSection(SolutionProperties) = preSolution
		HideSolutionNode = FALSE
	EndGlobalSection
	GlobalSection(NestedProjects) = preSolution
		{6DECB664-CCFF-494B-AC08-0D1C5F099AC4} = {86109E16-8993-4B28-A8C5-8DAF8B2A61E1}
		{1534CC33-3378-4876-A39A-883F5FCCB84E} = {86109E16-8993-4B28-A8C5-8DAF8B2A61E1}
		{E120D1D8-3C47-43EB-8804-759F190AA3DF} = {86109E16-8993-4B28-A8C5-8DAF8B2A61E1}
		{5E0C15A5-C26E-4A2A-BC04-649C5B337BA5} = {6DECB664-CCFF-494B-AC08-0D1C5F099AC4}
		{88EBD227-047E-4646-ADCB-D53EF0FA68C6} = {6DECB664-CCFF-494B-AC08-0D1C5F099AC4}
		{94686A8F-0608-4D43-9D2A-B083AFD869B1} = {1534CC33-3378-4876-A39A-883F5FCCB84E}
		{B9F988BE-BFE2-4DCD-A712-15E37A5250BA} = {1534CC33-3378-4876-A39A-883F5FCCB84E}
		{F5BDC964-C791-4E13-891E-C237251540B1} = {E120D1D8-3C47-43EB-8804-759F190AA3DF}
		{6AB85100-A24C-463B-B3B2-EAED25063A8B} = {1534CC33-3378-4876-A39A-883F5FCCB84E}
		{1C4F9FE5-C4A3-4AB8-98B5-0CC32EDE2AF0} = {155C902E-BDEA-4503-A80B-76B0FECB2DB7}
	EndGlobalSection
	GlobalSection(ExtensibilityGlobals) = postSolution
		SolutionGuid = {A046E881-D245-41FE-9711-757A32563C8A}
	EndGlobalSection
EndGlobal
